
Microsoft Visual Studio Solution File, Format Version 12.00
# Visual Studio Version 16
VisualStudioVersion = 16.0.29102.190
MinimumVisualStudioVersion = 10.0.40219.1
Project("{9A19103F-16F7-4668-BE54-9A1E7A4F7556}") = "Severino.API", "SeverinoAPI\Severino.API.csproj", "{66EED950-C527-4C80-B7C6-95A7B45731DB}"
EndProject
Project("{9A19103F-16F7-4668-BE54-9A1E7A4F7556}") = "Severino.FrontEnd", "SeverinoFrontEnd\Severino.FrontEnd.csproj", "{7732A39D-A936-4524-A97B-C917A28339B3}"
EndProject
Project("{FAE04EC0-301F-11D3-BF4B-00C04F79EFBC}") = "Severino.Auth", "Severino.Auth\Severino.Auth.csproj", "{67E6F7D8-9F30-4EEB-B375-73FE15C3F656}"
EndProject
Global
	GlobalSection(SolutionConfigurationPlatforms) = preSolution
		Debug|Any CPU = Debug|Any CPU
		Release|Any CPU = Release|Any CPU
	EndGlobalSection
	GlobalSection(ProjectConfigurationPlatforms) = postSolution
		{66EED950-C527-4C80-B7C6-95A7B45731DB}.Debug|Any CPU.ActiveCfg = Debug|Any CPU
		{66EED950-C527-4C80-B7C6-95A7B45731DB}.Debug|Any CPU.Build.0 = Debug|Any CPU
		{66EED950-C527-4C80-B7C6-95A7B45731DB}.Release|Any CPU.ActiveCfg = Release|Any CPU
		{66EED950-C527-4C80-B7C6-95A7B45731DB}.Release|Any CPU.Build.0 = Release|Any CPU
		{7732A39D-A936-4524-A97B-C917A28339B3}.Debug|Any CPU.ActiveCfg = Debug|Any CPU
		{7732A39D-A936-4524-A97B-C917A28339B3}.Debug|Any CPU.Build.0 = Debug|Any CPU
		{7732A39D-A936-4524-A97B-C917A28339B3}.Release|Any CPU.ActiveCfg = Release|Any CPU
		{7732A39D-A936-4524-A97B-C917A28339B3}.Release|Any CPU.Build.0 = Release|Any CPU
		{67E6F7D8-9F30-4EEB-B375-73FE15C3F656}.Debug|Any CPU.ActiveCfg = Debug|Any CPU
		{67E6F7D8-9F30-4EEB-B375-73FE15C3F656}.Debug|Any CPU.Build.0 = Debug|Any CPU
		{67E6F7D8-9F30-4EEB-B375-73FE15C3F656}.Release|Any CPU.ActiveCfg = Release|Any CPU
		{67E6F7D8-9F30-4EEB-B375-73FE15C3F656}.Release|Any CPU.Build.0 = Release|Any CPU
	EndGlobalSection
	GlobalSection(SolutionProperties) = preSolution
		HideSolutionNode = FALSE
	EndGlobalSection
	GlobalSection(ExtensibilityGlobals) = postSolution
		SolutionGuid = {32C2E60A-4867-4CD6-B3EA-19F31BA639B9}
	EndGlobalSection
EndGlobal
